
Microsoft Visual Studio Solution File, Format Version 12.00
# Visual Studio 15
VisualStudioVersion = 15.0.27130.2010
MinimumVisualStudioVersion = 10.0.40219.1
Project("{FAE04EC0-301F-11D3-BF4B-00C04F79EFBC}") = "adressbook-web-tests", "adressbook-web-tests\adressbook-web-tests.csproj", "{727C489A-96BA-4652-8C7F-FEBF4FCDB59D}"
EndProject
Global
	GlobalSection(SolutionConfigurationPlatforms) = preSolution
		Debug|Any CPU = Debug|Any CPU
		Release|Any CPU = Release|Any CPU
	EndGlobalSection
	GlobalSection(ProjectConfigurationPlatforms) = postSolution
		{727C489A-96BA-4652-8C7F-FEBF4FCDB59D}.Debug|Any CPU.ActiveCfg = Debug|Any CPU
		{727C489A-96BA-4652-8C7F-FEBF4FCDB59D}.Debug|Any CPU.Build.0 = Debug|Any CPU
		{727C489A-96BA-4652-8C7F-FEBF4FCDB59D}.Release|Any CPU.ActiveCfg = Release|Any CPU
		{727C489A-96BA-4652-8C7F-FEBF4FCDB59D}.Release|Any CPU.Build.0 = Release|Any CPU
	EndGlobalSection
	GlobalSection(SolutionProperties) = preSolution
		HideSolutionNode = FALSE
	EndGlobalSection
	GlobalSection(ExtensibilityGlobals) = postSolution
		SolutionGuid = {E40CA998-2069-44A5-A994-DBEAE10D6A74}
	EndGlobalSection
EndGlobal
